
Microsoft Visual Studio Solution File, Format Version 12.00
# Visual Studio Version 16
VisualStudioVersion = 16.0.31004.235
MinimumVisualStudioVersion = 10.0.40219.1
Project("{FAE04EC0-301F-11D3-BF4B-00C04F79EFBC}") = "NBattleshipCodingContest", "NBattleshipCodingContest\NBattleshipCodingContest.csproj", "{2F0743FB-3905-4E16-B1C7-316618A269F2}"
EndProject
Project("{FAE04EC0-301F-11D3-BF4B-00C04F79EFBC}") = "NBattleshipCodingContest.Logic", "NBattleshipCodingContest.Logic\NBattleshipCodingContest.Logic.csproj", "{6318FCFF-AB68-45D3-85B9-D58AAD48C49C}"
EndProject
Project("{FAE04EC0-301F-11D3-BF4B-00C04F79EFBC}") = "NBattleshipCodingContest.Logic.Tests", "NBattleshipCodingContest.Logic.Tests\NBattleshipCodingContest.Logic.Tests.csproj", "{64B89B20-79CD-42DE-8A9F-A4CAFFDDB87B}"
EndProject
Global
	GlobalSection(SolutionConfigurationPlatforms) = preSolution
		Debug|Any CPU = Debug|Any CPU
		Release|Any CPU = Release|Any CPU
	EndGlobalSection
	GlobalSection(ProjectConfigurationPlatforms) = postSolution
		{2F0743FB-3905-4E16-B1C7-316618A269F2}.Debug|Any CPU.ActiveCfg = Debug|Any CPU
		{2F0743FB-3905-4E16-B1C7-316618A269F2}.Debug|Any CPU.Build.0 = Debug|Any CPU
		{2F0743FB-3905-4E16-B1C7-316618A269F2}.Release|Any CPU.ActiveCfg = Release|Any CPU
		{2F0743FB-3905-4E16-B1C7-316618A269F2}.Release|Any CPU.Build.0 = Release|Any CPU
		{6318FCFF-AB68-45D3-85B9-D58AAD48C49C}.Debug|Any CPU.ActiveCfg = Debug|Any CPU
		{6318FCFF-AB68-45D3-85B9-D58AAD48C49C}.Debug|Any CPU.Build.0 = Debug|Any CPU
		{6318FCFF-AB68-45D3-85B9-D58AAD48C49C}.Release|Any CPU.ActiveCfg = Release|Any CPU
		{6318FCFF-AB68-45D3-85B9-D58AAD48C49C}.Release|Any CPU.Build.0 = Release|Any CPU
		{64B89B20-79CD-42DE-8A9F-A4CAFFDDB87B}.Debug|Any CPU.ActiveCfg = Debug|Any CPU
		{64B89B20-79CD-42DE-8A9F-A4CAFFDDB87B}.Debug|Any CPU.Build.0 = Debug|Any CPU
		{64B89B20-79CD-42DE-8A9F-A4CAFFDDB87B}.Release|Any CPU.ActiveCfg = Release|Any CPU
		{64B89B20-79CD-42DE-8A9F-A4CAFFDDB87B}.Release|Any CPU.Build.0 = Release|Any CPU
	EndGlobalSection
	GlobalSection(SolutionProperties) = preSolution
		HideSolutionNode = FALSE
	EndGlobalSection
	GlobalSection(ExtensibilityGlobals) = postSolution
		SolutionGuid = {77CBA766-0C57-4A01-AABC-40927116BF10}
	EndGlobalSection
EndGlobal
